
Microsoft Visual Studio Solution File, Format Version 12.00
# Visual Studio Version 17
VisualStudioVersion = 17.1.32319.34
MinimumVisualStudioVersion = 10.0.40219.1
Project("{FAE04EC0-301F-11D3-BF4B-00C04F79EFBC}") = "klasaStringP1", "klasaStringP1.csproj", "{4DC32944-E0AB-4DCA-826C-13812E49EFBA}"
EndProject
Global
	GlobalSection(SolutionConfigurationPlatforms) = preSolution
		Debug|Any CPU = Debug|Any CPU
		Release|Any CPU = Release|Any CPU
	EndGlobalSection
	GlobalSection(ProjectConfigurationPlatforms) = postSolution
		{4DC32944-E0AB-4DCA-826C-13812E49EFBA}.Debug|Any CPU.ActiveCfg = Debug|Any CPU
		{4DC32944-E0AB-4DCA-826C-13812E49EFBA}.Debug|Any CPU.Build.0 = Debug|Any CPU
		{4DC32944-E0AB-4DCA-826C-13812E49EFBA}.Release|Any CPU.ActiveCfg = Release|Any CPU
		{4DC32944-E0AB-4DCA-826C-13812E49EFBA}.Release|Any CPU.Build.0 = Release|Any CPU
	EndGlobalSection
	GlobalSection(SolutionProperties) = preSolution
		HideSolutionNode = FALSE
	EndGlobalSection
	GlobalSection(ExtensibilityGlobals) = postSolution
		SolutionGuid = {1235B765-A000-4470-B74C-0475B73627B0}
	EndGlobalSection
EndGlobal
